// !$*UTF8*$!
{
	archiveVersion = 1;
	classes = {
	};
	objectVersion = 56;
	objects = {

/* Begin PBXBuildFile section */
		634D6D402B996D4F00665A0C /* Swift_Study_prat2App.swift in Sources */ = {isa = PBXBuildFile; fileRef = 634D6D3F2B996D4F00665A0C /* Swift_Study_prat2App.swift */; };
		634D6D422B996D4F00665A0C /* ContentView.swift in Sources */ = {isa = PBXBuildFile; fileRef = 634D6D412B996D4F00665A0C /* ContentView.swift */; };
		634D6D442B996D5200665A0C /* Assets.xcassets in Resources */ = {isa = PBXBuildFile; fileRef = 634D6D432B996D5200665A0C /* Assets.xcassets */; };
		634D6D472B996D5200665A0C /* Preview Assets.xcassets in Resources */ = {isa = PBXBuildFile; fileRef = 634D6D462B996D5200665A0C /* Preview Assets.xcassets */; };
		634D6D512B996D5200665A0C /* Swift_Study_prat2Tests.swift in Sources */ = {isa = PBXBuildFile; fileRef = 634D6D502B996D5200665A0C /* Swift_Study_prat2Tests.swift */; };
		634D6D5B2B996D5200665A0C /* Swift_Study_prat2UITests.swift in Sources */ = {isa = PBXBuildFile; fileRef = 634D6D5A2B996D5200665A0C /* Swift_Study_prat2UITests.swift */; };
		634D6D5D2B996D5200665A0C /* Swift_Study_prat2UITestsLaunchTests.swift in Sources */ = {isa = PBXBuildFile; fileRef = 634D6D5C2B996D5200665A0C /* Swift_Study_prat2UITestsLaunchTests.swift */; };
/* End PBXBuildFile section */

/* Begin PBXContainerItemProxy section */
		634D6D4D2B996D5200665A0C /* PBXContainerItemProxy */ = {
			isa = PBXContainerItemProxy;
			containerPortal = 634D6D342B996D4F00665A0C /* Project object */;
			proxyType = 1;
			remoteGlobalIDString = 634D6D3B2B996D4F00665A0C;
			remoteInfo = Swift_Study_prat2;
		};
		634D6D572B996D5200665A0C /* PBXContainerItemProxy */ = {
			isa = PBXContainerItemProxy;
			containerPortal = 634D6D342B996D4F00665A0C /* Project object */;
			proxyType = 1;
			remoteGlobalIDString = 634D6D3B2B996D4F00665A0C;
			remoteInfo = Swift_Study_prat2;
		};
/* End PBXContainerItemProxy section */

/* Begin PBXFileReference section */
		634D6D3C2B996D4F00665A0C /* Swift_Study_prat2.app */ = {isa = PBXFileReference; explicitFileType = wrapper.application; includeInIndex = 0; path = Swift_Study_prat2.app; sourceTree = BUILT_PRODUCTS_DIR; };
		634D6D3F2B996D4F00665A0C /* Swift_Study_prat2App.swift */ = {isa = PBXFileReference; lastKnownFileType = sourcecode.swift; path = Swift_Study_prat2App.swift; sourceTree = "<group>"; };
		634D6D412B996D4F00665A0C /* ContentView.swift */ = {isa = PBXFileReference; lastKnownFileType = sourcecode.swift; path = ContentView.swift; sourceTree = "<group>"; };
		634D6D432B996D5200665A0C /* Assets.xcassets */ = {isa = PBXFileReference; lastKnownFileType = folder.assetcatalog; path = Assets.xcassets; sourceTree = "<group>"; };
		634D6D462B996D5200665A0C /* Preview Assets.xcassets */ = {isa = PBXFileReference; lastKnownFileType = folder.assetcatalog; path = "Preview Assets.xcassets"; sourceTree = "<group>"; };
		634D6D4C2B996D5200665A0C /* Swift_Study_prat2Tests.xctest */ = {isa = PBXFileReference; explicitFileType = wrapper.cfbundle; includeInIndex = 0; path = Swift_Study_prat2Tests.xctest; sourceTree = BUILT_PRODUCTS_DIR; };
		634D6D502B996D5200665A0C /* Swift_Study_prat2Tests.swift */ = {isa = PBXFileReference; lastKnownFileType = sourcecode.swift; path = Swift_Study_prat2Tests.swift; sourceTree = "<group>"; };
		634D6D562B996D5200665A0C /* Swift_Study_prat2UITests.xctest */ = {isa = PBXFileReference; explicitFileType = wrapper.cfbundle; includeInIndex = 0; path = Swift_Study_prat2UITests.xctest; sourceTree = BUILT_PRODUCTS_DIR; };
		634D6D5A2B996D5200665A0C /* Swift_Study_prat2UITests.swift */ = {isa = PBXFileReference; lastKnownFileType = sourcecode.swift; path = Swift_Study_prat2UITests.swift; sourceTree = "<group>"; };
		634D6D5C2B996D5200665A0C /* Swift_Study_prat2UITestsLaunchTests.swift */ = {isa = PBXFileReference; lastKnownFileType = sourcecode.swift; path = Swift_Study_prat2UITestsLaunchTests.swift; sourceTree = "<group>"; };
/* End PBXFileReference section */

/* Begin PBXFrameworksBuildPhase section */
		634D6D392B996D4F00665A0C /* Frameworks */ = {
			isa = PBXFrameworksBuildPhase;
			buildActionMask = 2147483647;
			files = (
			);
			runOnlyForDeploymentPostprocessing = 0;
		};
		634D6D492B996D5200665A0C /* Frameworks */ = {
			isa = PBXFrameworksBuildPhase;
			buildActionMask = 2147483647;
			files = (
			);
			runOnlyForDeploymentPostprocessing = 0;
		};
		634D6D532B996D5200665A0C /* Frameworks */ = {
			isa = PBXFrameworksBuildPhase;
			buildActionMask = 2147483647;
			files = (
			);
			runOnlyForDeploymentPostprocessing = 0;
		};
/* End PBXFrameworksBuildPhase section */

/* Begin PBXGroup section */
		634D6D332B996D4F00665A0C = {
			isa = PBXGroup;
			children = (
				634D6D3E2B996D4F00665A0C /* Swift_Study_prat2 */,
				634D6D4F2B996D5200665A0C /* Swift_Study_prat2Tests */,
				634D6D592B996D5200665A0C /* Swift_Study_prat2UITests */,
				634D6D3D2B996D4F00665A0C /* Products */,
			);
			sourceTree = "<group>";
		};
		634D6D3D2B996D4F00665A0C /* Products */ = {
			isa = PBXGroup;
			children = (
				634D6D3C2B996D4F00665A0C /* Swift_Study_prat2.app */,
				634D6D4C2B996D5200665A0C /* Swift_Study_prat2Tests.xctest */,
				634D6D562B996D5200665A0C /* Swift_Study_prat2UITests.xctest */,
			);
			name = Products;
			sourceTree = "<group>";
		};
		634D6D3E2B996D4F00665A0C /* Swift_Study_prat2 */ = {
			isa = PBXGroup;
			children = (
				634D6D3F2B996D4F00665A0C /* Swift_Study_prat2App.swift */,
				634D6D412B996D4F00665A0C /* ContentView.swift */,
				634D6D432B996D5200665A0C /* Assets.xcassets */,
				634D6D452B996D5200665A0C /* Preview Content */,
			);
			path = Swift_Study_prat2;
			sourceTree = "<group>";
		};
		634D6D452B996D5200665A0C /* Preview Content */ = {
			isa = PBXGroup;
			children = (
				634D6D462B996D5200665A0C /* Preview Assets.xcassets */,
			);
			path = "Preview Content";
			sourceTree = "<group>";
		};
		634D6D4F2B996D5200665A0C /* Swift_Study_prat2Tests */ = {
			isa = PBXGroup;
			children = (
				634D6D502B996D5200665A0C /* Swift_Study_prat2Tests.swift */,
			);
			path = Swift_Study_prat2Tests;
			sourceTree = "<group>";
		};
		634D6D592B996D5200665A0C /* Swift_Study_prat2UITests */ = {
			isa = PBXGroup;
			children = (
				634D6D5A2B996D5200665A0C /* Swift_Study_prat2UITests.swift */,
				634D6D5C2B996D5200665A0C /* Swift_Study_prat2UITestsLaunchTests.swift */,
			);
			path = Swift_Study_prat2UITests;
			sourceTree = "<group>";
		};
/* End PBXGroup section */

/* Begin PBXNativeTarget section */
		634D6D3B2B996D4F00665A0C /* Swift_Study_prat2 */ = {
			isa = PBXNativeTarget;
			buildConfigurationList = 634D6D602B996D5200665A0C /* Build configuration list for PBXNativeTarget "Swift_Study_prat2" */;
			buildPhases = (
				634D6D382B996D4F00665A0C /* Sources */,
				634D6D392B996D4F00665A0C /* Frameworks */,
				634D6D3A2B996D4F00665A0C /* Resources */,
			);
			buildRules = (
			);
			dependencies = (
			);
			name = Swift_Study_prat2;
			productName = Swift_Study_prat2;
			productReference = 634D6D3C2B996D4F00665A0C /* Swift_Study_prat2.app */;
			productType = "com.apple.product-type.application";
		};
		634D6D4B2B996D5200665A0C /* Swift_Study_prat2Tests */ = {
			isa = PBXNativeTarget;
			buildConfigurationList = 634D6D632B996D5200665A0C /* Build configuration list for PBXNativeTarget "Swift_Study_prat2Tests" */;
			buildPhases = (
				634D6D482B996D5200665A0C /* Sources */,
				634D6D492B996D5200665A0C /* Frameworks */,
				634D6D4A2B996D5200665A0C /* Resources */,
			);
			buildRules = (
			);
			dependencies = (
				634D6D4E2B996D5200665A0C /* PBXTargetDependency */,
			);
			name = Swift_Study_prat2Tests;
			productName = Swift_Study_prat2Tests;
			productReference = 634D6D4C2B996D5200665A0C /* Swift_Study_prat2Tests.xctest */;
			productType = "com.apple.product-type.bundle.unit-test";
		};
		634D6D552B996D5200665A0C /* Swift_Study_prat2UITests */ = {
			isa = PBXNativeTarget;
			buildConfigurationList = 634D6D662B996D5200665A0C /* Build configuration list for PBXNativeTarget "Swift_Study_prat2UITests" */;
			buildPhases = (
				634D6D522B996D5200665A0C /* Sources */,
				634D6D532B996D5200665A0C /* Frameworks */,
				634D6D542B996D5200665A0C /* Resources */,
			);
			buildRules = (
			);
			dependencies = (
				634D6D582B996D5200665A0C /* PBXTargetDependency */,
			);
			name = Swift_Study_prat2UITests;
			productName = Swift_Study_prat2UITests;
			productReference = 634D6D562B996D5200665A0C /* Swift_Study_prat2UITests.xctest */;
			productType = "com.apple.product-type.bundle.ui-testing";
		};
/* End PBXNativeTarget section */

/* Begin PBXProject section */
		634D6D342B996D4F00665A0C /* Project object */ = {
			isa = PBXProject;
			attributes = {
				BuildIndependentTargetsInParallel = 1;
				LastSwiftUpdateCheck = 1500;
				LastUpgradeCheck = 1500;
				TargetAttributes = {
					634D6D3B2B996D4F00665A0C = {
						CreatedOnToolsVersion = 15.0.1;
					};
					634D6D4B2B996D5200665A0C = {
						CreatedOnToolsVersion = 15.0.1;
						TestTargetID = 634D6D3B2B996D4F00665A0C;
					};
					634D6D552B996D5200665A0C = {
						CreatedOnToolsVersion = 15.0.1;
						TestTargetID = 634D6D3B2B996D4F00665A0C;
					};
				};
			};
			buildConfigurationList = 634D6D372B996D4F00665A0C /* Build configuration list for PBXProject "Swift_Study_prat2" */;
			compatibilityVersion = "Xcode 14.0";
			developmentRegion = en;
			hasScannedForEncodings = 0;
			knownRegions = (
				en,
				Base,
			);
			mainGroup = 634D6D332B996D4F00665A0C;
			productRefGroup = 634D6D3D2B996D4F00665A0C /* Products */;
			projectDirPath = "";
			projectRoot = "";
			targets = (
				634D6D3B2B996D4F00665A0C /* Swift_Study_prat2 */,
				634D6D4B2B996D5200665A0C /* Swift_Study_prat2Tests */,
				634D6D552B996D5200665A0C /* Swift_Study_prat2UITests */,
			);
		};
/* End PBXProject section */

/* Begin PBXResourcesBuildPhase section */
		634D6D3A2B996D4F00665A0C /* Resources */ = {
			isa = PBXResourcesBuildPhase;
			buildActionMask = 2147483647;
			files = (
				634D6D472B996D5200665A0C /* Preview Assets.xcassets in Resources */,
				634D6D442B996D5200665A0C /* Assets.xcassets in Resources */,
			);
			runOnlyForDeploymentPostprocessing = 0;
		};
		634D6D4A2B996D5200665A0C /* Resources */ = {
			isa = PBXResourcesBuildPhase;
			buildActionMask = 2147483647;
			files = (
			);
			runOnlyForDeploymentPostprocessing = 0;
		};
		634D6D542B996D5200665A0C /* Resources */ = {
			isa = PBXResourcesBuildPhase;
			buildActionMask = 2147483647;
			files = (
			);
			runOnlyForDeploymentPostprocessing = 0;
		};
/* End PBXResourcesBuildPhase section */

/* Begin PBXSourcesBuildPhase section */
		634D6D382B996D4F00665A0C /* Sources */ = {
			isa = PBXSourcesBuildPhase;
			buildActionMask = 2147483647;
			files = (
				634D6D422B996D4F00665A0C /* ContentView.swift in Sources */,
				634D6D402B996D4F00665A0C /* Swift_Study_prat2App.swift in Sources */,
			);
			runOnlyForDeploymentPostprocessing = 0;
		};
		634D6D482B996D5200665A0C /* Sources */ = {
			isa = PBXSourcesBuildPhase;
			buildActionMask = 2147483647;
			files = (
				634D6D512B996D5200665A0C /* Swift_Study_prat2Tests.swift in Sources */,
			);
			runOnlyForDeploymentPostprocessing = 0;
		};
		634D6D522B996D5200665A0C /* Sources */ = {
			isa = PBXSourcesBuildPhase;
			buildActionMask = 2147483647;
			files = (
				634D6D5D2B996D5200665A0C /* Swift_Study_prat2UITestsLaunchTests.swift in Sources */,
				634D6D5B2B996D5200665A0C /* Swift_Study_prat2UITests.swift in Sources */,
			);
			runOnlyForDeploymentPostprocessing = 0;
		};
/* End PBXSourcesBuildPhase section */

/* Begin PBXTargetDependency section */
		634D6D4E2B996D5200665A0C /* PBXTargetDependency */ = {
			isa = PBXTargetDependency;
			target = 634D6D3B2B996D4F00665A0C /* Swift_Study_prat2 */;
			targetProxy = 634D6D4D2B996D5200665A0C /* PBXContainerItemProxy */;
		};
		634D6D582B996D5200665A0C /* PBXTargetDependency */ = {
			isa = PBXTargetDependency;
			target = 634D6D3B2B996D4F00665A0C /* Swift_Study_prat2 */;
			targetProxy = 634D6D572B996D5200665A0C /* PBXContainerItemProxy */;
		};
/* End PBXTargetDependency section */

/* Begin XCBuildConfiguration section */
		634D6D5E2B996D5200665A0C /* Debug */ = {
			isa = XCBuildConfiguration;
			buildSettings = {
				ALWAYS_SEARCH_USER_PATHS = NO;
				ASSETCATALOG_COMPILER_GENERATE_SWIFT_ASSET_SYMBOL_EXTENSIONS = YES;
				CLANG_ANALYZER_NONNULL = YES;
				CLANG_ANALYZER_NUMBER_OBJECT_CONVERSION = YES_AGGRESSIVE;
				CLANG_CXX_LANGUAGE_STANDARD = "gnu++20";
				CLANG_ENABLE_MODULES = YES;
				CLANG_ENABLE_OBJC_ARC = YES;
				CLANG_ENABLE_OBJC_WEAK = YES;
				CLANG_WARN_BLOCK_CAPTURE_AUTORELEASING = YES;
				CLANG_WARN_BOOL_CONVERSION = YES;
				CLANG_WARN_COMMA = YES;
				CLANG_WARN_CONSTANT_CONVERSION = YES;
				CLANG_WARN_DEPRECATED_OBJC_IMPLEMENTATIONS = YES;
				CLANG_WARN_DIRECT_OBJC_ISA_USAGE = YES_ERROR;
				CLANG_WARN_DOCUMENTATION_COMMENTS = YES;
				CLANG_WARN_EMPTY_BODY = YES;
				CLANG_WARN_ENUM_CONVERSION = YES;
				CLANG_WARN_INFINITE_RECURSION = YES;
				CLANG_WARN_INT_CONVERSION = YES;
				CLANG_WARN_NON_LITERAL_NULL_CONVERSION = YES;
				CLANG_WARN_OBJC_IMPLICIT_RETAIN_SELF = YES;
				CLANG_WARN_OBJC_LITERAL_CONVERSION = YES;
				CLANG_WARN_OBJC_ROOT_CLASS = YES_ERROR;
				CLANG_WARN_QUOTED_INCLUDE_IN_FRAMEWORK_HEADER = YES;
				CLANG_WARN_RANGE_LOOP_ANALYSIS = YES;
				CLANG_WARN_STRICT_PROTOTYPES = YES;
				CLANG_WARN_SUSPICIOUS_MOVE = YES;
				CLANG_WARN_UNGUARDED_AVAILABILITY = YES_AGGRESSIVE;
				CLANG_WARN_UNREACHABLE_CODE = YES;
				CLANG_WARN__DUPLICATE_METHOD_MATCH = YES;
				COPY_PHASE_STRIP = NO;
				DEBUG_INFORMATION_FORMAT = dwarf;
				ENABLE_STRICT_OBJC_MSGSEND = YES;
				ENABLE_TESTABILITY = YES;
				ENABLE_USER_SCRIPT_SANDBOXING = YES;
				GCC_C_LANGUAGE_STANDARD = gnu17;
				GCC_DYNAMIC_NO_PIC = NO;
				GCC_NO_COMMON_BLOCKS = YES;
				GCC_OPTIMIZATION_LEVEL = 0;
				GCC_PREPROCESSOR_DEFINITIONS = (
					"DEBUG=1",
					"$(inherited)",
				);
				GCC_WARN_64_TO_32_BIT_CONVERSION = YES;
				GCC_WARN_ABOUT_RETURN_TYPE = YES_ERROR;
				GCC_WARN_UNDECLARED_SELECTOR = YES;
				GCC_WARN_UNINITIALIZED_AUTOS = YES_AGGRESSIVE;
				GCC_WARN_UNUSED_FUNCTION = YES;
				GCC_WARN_UNUSED_VARIABLE = YES;
				IPHONEOS_DEPLOYMENT_TARGET = 17.0;
				LOCALIZATION_PREFERS_STRING_CATALOGS = YES;
				MTL_ENABLE_DEBUG_INFO = INCLUDE_SOURCE;
				MTL_FAST_MATH = YES;
				ONLY_ACTIVE_ARCH = YES;
				SDKROOT = iphoneos;
				SWIFT_ACTIVE_COMPILATION_CONDITIONS = "DEBUG $(inherited)";
				SWIFT_OPTIMIZATION_LEVEL = "-Onone";
			};
			name = Debug;
		};
		634D6D5F2B996D5200665A0C /* Release */ = {
			isa = XCBuildConfiguration;
			buildSettings = {
				ALWAYS_SEARCH_USER_PATHS = NO;
				ASSETCATALOG_COMPILER_GENERATE_SWIFT_ASSET_SYMBOL_EXTENSIONS = YES;
				CLANG_ANALYZER_NONNULL = YES;
				CLANG_ANALYZER_NUMBER_OBJECT_CONVERSION = YES_AGGRESSIVE;
				CLANG_CXX_LANGUAGE_STANDARD = "gnu++20";
				CLANG_ENABLE_MODULES = YES;
				CLANG_ENABLE_OBJC_ARC = YES;
				CLANG_ENABLE_OBJC_WEAK = YES;
				CLANG_WARN_BLOCK_CAPTURE_AUTORELEASING = YES;
				CLANG_WARN_BOOL_CONVERSION = YES;
				CLANG_WARN_COMMA = YES;
				CLANG_WARN_CONSTANT_CONVERSION = YES;
				CLANG_WARN_DEPRECATED_OBJC_IMPLEMENTATIONS = YES;
				CLANG_WARN_DIRECT_OBJC_ISA_USAGE = YES_ERROR;
				CLANG_WARN_DOCUMENTATION_COMMENTS = YES;
				CLANG_WARN_EMPTY_BODY = YES;
				CLANG_WARN_ENUM_CONVERSION = YES;
				CLANG_WARN_INFINITE_RECURSION = YES;
				CLANG_WARN_INT_CONVERSION = YES;
				CLANG_WARN_NON_LITERAL_NULL_CONVERSION = YES;
				CLANG_WARN_OBJC_IMPLICIT_RETAIN_SELF = YES;
				CLANG_WARN_OBJC_LITERAL_CONVERSION = YES;
				CLANG_WARN_OBJC_ROOT_CLASS = YES_ERROR;
				CLANG_WARN_QUOTED_INCLUDE_IN_FRAMEWORK_HEADER = YES;
				CLANG_WARN_RANGE_LOOP_ANALYSIS = YES;
				CLANG_WARN_STRICT_PROTOTYPES = YES;
				CLANG_WARN_SUSPICIOUS_MOVE = YES;
				CLANG_WARN_UNGUARDED_AVAILABILITY = YES_AGGRESSIVE;
				CLANG_WARN_UNREACHABLE_CODE = YES;
				CLANG_WARN__DUPLICATE_METHOD_MATCH = YES;
				COPY_PHASE_STRIP = NO;
				DEBUG_INFORMATION_FORMAT = "dwarf-with-dsym";
				ENABLE_NS_ASSERTIONS = NO;
				ENABLE_STRICT_OBJC_MSGSEND = YES;
				ENABLE_USER_SCRIPT_SANDBOXING = YES;
				GCC_C_LANGUAGE_STANDARD = gnu17;
				GCC_NO_COMMON_BLOCKS = YES;
				GCC_WARN_64_TO_32_BIT_CONVERSION = YES;
				GCC_WARN_ABOUT_RETURN_TYPE = YES_ERROR;
				GCC_WARN_UNDECLARED_SELECTOR = YES;
				GCC_WARN_UNINITIALIZED_AUTOS = YES_AGGRESSIVE;
				GCC_WARN_UNUSED_FUNCTION = YES;
				GCC_WARN_UNUSED_VARIABLE = YES;
				IPHONEOS_DEPLOYMENT_TARGET = 17.0;
				LOCALIZATION_PREFERS_STRING_CATALOGS = YES;
				MTL_ENABLE_DEBUG_INFO = NO;
				MTL_FAST_MATH = YES;
				SDKROOT = iphoneos;
				SWIFT_COMPILATION_MODE = wholemodule;
				VALIDATE_PRODUCT = YES;
			};
			name = Release;
		};
		634D6D612B996D5200665A0C /* Debug */ = {
			isa = XCBuildConfiguration;
			buildSettings = {
				ASSETCATALOG_COMPILER_APPICON_NAME = AppIcon;
				ASSETCATALOG_COMPILER_GLOBAL_ACCENT_COLOR_NAME = AccentColor;
				CODE_SIGN_STYLE = Automatic;
				CURRENT_PROJECT_VERSION = 1;
				DEVELOPMENT_ASSET_PATHS = "\"Swift_Study_prat2/Preview Content\"";
				ENABLE_PREVIEWS = YES;
				GENERATE_INFOPLIST_FILE = YES;
				INFOPLIST_KEY_UIApplicationSceneManifest_Generation = YES;
				INFOPLIST_KEY_UIApplicationSupportsIndirectInputEvents = YES;
				INFOPLIST_KEY_UILaunchScreen_Generation = YES;
				INFOPLIST_KEY_UISupportedInterfaceOrientations_iPad = "UIInterfaceOrientationPortrait UIInterfaceOrientationPortraitUpsideDown UIInterfaceOrientationLandscapeLeft UIInterfaceOrientationLandscapeRight";
				INFOPLIST_KEY_UISupportedInterfaceOrientations_iPhone = "UIInterfaceOrientationPortrait UIInterfaceOrientationLandscapeLeft UIInterfaceOrientationLandscapeRight";
				LD_RUNPATH_SEARCH_PATHS = (
					"$(inherited)",
					"@executable_path/Frameworks",
				);
				MARKETING_VERSION = 1.0;
				PRODUCT_BUNDLE_IDENTIFIER = "main.Swift-Study-prat2";
				PRODUCT_NAME = "$(TARGET_NAME)";
				SWIFT_EMIT_LOC_STRINGS = YES;
				SWIFT_VERSION = 5.0;
				TARGETED_DEVICE_FAMILY = "1,2";
			};
			name = Debug;
		};
		634D6D622B996D5200665A0C /* Release */ = {
			isa = XCBuildConfiguration;
			buildSettings = {
				ASSETCATALOG_COMPILER_APPICON_NAME = AppIcon;
				ASSETCATALOG_COMPILER_GLOBAL_ACCENT_COLOR_NAME = AccentColor;
				CODE_SIGN_STYLE = Automatic;
				CURRENT_PROJECT_VERSION = 1;
				DEVELOPMENT_ASSET_PATHS = "\"Swift_Study_prat2/Preview Content\"";
				ENABLE_PREVIEWS = YES;
				GENERATE_INFOPLIST_FILE = YES;
				INFOPLIST_KEY_UIApplicationSceneManifest_Generation = YES;
				INFOPLIST_KEY_UIApplicationSupportsIndirectInputEvents = YES;
				INFOPLIST_KEY_UILaunchScreen_Generation = YES;
				INFOPLIST_KEY_UISupportedInterfaceOrientations_iPad = "UIInterfaceOrientationPortrait UIInterfaceOrientationPortraitUpsideDown UIInterfaceOrientationLandscapeLeft UIInterfaceOrientationLandscapeRight";
				INFOPLIST_KEY_UISupportedInterfaceOrientations_iPhone = "UIInterfaceOrientationPortrait UIInterfaceOrientationLandscapeLeft UIInterfaceOrientationLandscapeRight";
				LD_RUNPATH_SEARCH_PATHS = (
					"$(inherited)",
					"@executable_path/Frameworks",
				);
				MARKETING_VERSION = 1.0;
				PRODUCT_BUNDLE_IDENTIFIER = "main.Swift-Study-prat2";
				PRODUCT_NAME = "$(TARGET_NAME)";
				SWIFT_EMIT_LOC_STRINGS = YES;
				SWIFT_VERSION = 5.0;
				TARGETED_DEVICE_FAMILY = "1,2";
			};
			name = Release;
		};
		634D6D642B996D5200665A0C /* Debug */ = {
			isa = XCBuildConfiguration;
			buildSettings = {
				ALWAYS_EMBED_SWIFT_STANDARD_LIBRARIES = YES;
				BUNDLE_LOADER = "$(TEST_HOST)";
				CODE_SIGN_STYLE = Automatic;
				CURRENT_PROJECT_VERSION = 1;
				GENERATE_INFOPLIST_FILE = YES;
				IPHONEOS_DEPLOYMENT_TARGET = 17.0;
				MARKETING_VERSION = 1.0;
				PRODUCT_BUNDLE_IDENTIFIER = "main.Swift-Study-prat2Tests";
				PRODUCT_NAME = "$(TARGET_NAME)";
				SWIFT_EMIT_LOC_STRINGS = NO;
				SWIFT_VERSION = 5.0;
				TARGETED_DEVICE_FAMILY = "1,2";
				TEST_HOST = "$(BUILT_PRODUCTS_DIR)/Swift_Study_prat2.app/$(BUNDLE_EXECUTABLE_FOLDER_PATH)/Swift_Study_prat2";
			};
			name = Debug;
		};
		634D6D652B996D5200665A0C /* Release */ = {
			isa = XCBuildConfiguration;
			buildSettings = {
				ALWAYS_EMBED_SWIFT_STANDARD_LIBRARIES = YES;
				BUNDLE_LOADER = "$(TEST_HOST)";
				CODE_SIGN_STYLE = Automatic;
				CURRENT_PROJECT_VERSION = 1;
				GENERATE_INFOPLIST_FILE = YES;
				IPHONEOS_DEPLOYMENT_TARGET = 17.0;
				MARKETING_VERSION = 1.0;
				PRODUCT_BUNDLE_IDENTIFIER = "main.Swift-Study-prat2Tests";
				PRODUCT_NAME = "$(TARGET_NAME)";
				SWIFT_EMIT_LOC_STRINGS = NO;
				SWIFT_VERSION = 5.0;
				TARGETED_DEVICE_FAMILY = "1,2";
				TEST_HOST = "$(BUILT_PRODUCTS_DIR)/Swift_Study_prat2.app/$(BUNDLE_EXECUTABLE_FOLDER_PATH)/Swift_Study_prat2";
			};
			name = Release;
		};
		634D6D672B996D5200665A0C /* Debug */ = {
			isa = XCBuildConfiguration;
			buildSettings = {
				ALWAYS_EMBED_SWIFT_STANDARD_LIBRARIES = YES;
				CODE_SIGN_STYLE = Automatic;
				CURRENT_PROJECT_VERSION = 1;
				GENERATE_INFOPLIST_FILE = YES;
				MARKETING_VERSION = 1.0;
				PRODUCT_BUNDLE_IDENTIFIER = "main.Swift-Study-prat2UITests";
				PRODUCT_NAME = "$(TARGET_NAME)";
				SWIFT_EMIT_LOC_STRINGS = NO;
				SWIFT_VERSION = 5.0;
				TARGETED_DEVICE_FAMILY = "1,2";
				TEST_TARGET_NAME = Swift_Study_prat2;
			};
			name = Debug;
		};
		634D6D682B996D5200665A0C /* Release */ = {
			isa = XCBuildConfiguration;
			buildSettings = {
				ALWAYS_EMBED_SWIFT_STANDARD_LIBRARIES = YES;
				CODE_SIGN_STYLE = Automatic;
				CURRENT_PROJECT_VERSION = 1;
				GENERATE_INFOPLIST_FILE = YES;
				MARKETING_VERSION = 1.0;
				PRODUCT_BUNDLE_IDENTIFIER = "main.Swift-Study-prat2UITests";
				PRODUCT_NAME = "$(TARGET_NAME)";
				SWIFT_EMIT_LOC_STRINGS = NO;
				SWIFT_VERSION = 5.0;
				TARGETED_DEVICE_FAMILY = "1,2";
				TEST_TARGET_NAME = Swift_Study_prat2;
			};
			name = Release;
		};
/* End XCBuildConfiguration section */

/* Begin XCConfigurationList section */
		634D6D372B996D4F00665A0C /* Build configuration list for PBXProject "Swift_Study_prat2" */ = {
			isa = XCConfigurationList;
			buildConfigurations = (
				634D6D5E2B996D5200665A0C /* Debug */,
				634D6D5F2B996D5200665A0C /* Release */,
			);
			defaultConfigurationIsVisible = 0;
			defaultConfigurationName = Release;
		};
		634D6D602B996D5200665A0C /* Build configuration list for PBXNativeTarget "Swift_Study_prat2" */ = {
			isa = XCConfigurationList;
			buildConfigurations = (
				634D6D612B996D5200665A0C /* Debug */,
				634D6D622B996D5200665A0C /* Release */,
			);
			defaultConfigurationIsVisible = 0;
			defaultConfigurationName = Release;
		};
		634D6D632B996D5200665A0C /* Build configuration list for PBXNativeTarget "Swift_Study_prat2Tests" */ = {
			isa = XCConfigurationList;
			buildConfigurations = (
				634D6D642B996D5200665A0C /* Debug */,
				634D6D652B996D5200665A0C /* Release */,
			);
			defaultConfigurationIsVisible = 0;
			defaultConfigurationName = Release;
		};
		634D6D662B996D5200665A0C /* Build configuration list for PBXNativeTarget "Swift_Study_prat2UITests" */ = {
			isa = XCConfigurationList;
			buildConfigurations = (
				634D6D672B996D5200665A0C /* Debug */,
				634D6D682B996D5200665A0C /* Release */,
			);
			defaultConfigurationIsVisible = 0;
			defaultConfigurationName = Release;
		};
/* End XCConfigurationList section */
	};
	rootObject = 634D6D342B996D4F00665A0C /* Project object */;
}
